
Microsoft Visual Studio Solution File, Format Version 10.00
# Visual Studio 2008
Project("{8BC9CEB8-8B4A-11D0-8D11-00A0C91BC942}") = "XMLSerialization", "XMLSerialization.vcproj", "{12F50613-3CD6-4CE9-9B9A-037A4B2A0F8B}"
EndProject
Global
	GlobalSection(SolutionConfigurationPlatforms) = preSolution
		Debug|Win32 = Debug|Win32
		Release|Win32 = Release|Win32
	EndGlobalSection
	GlobalSection(ProjectConfigurationPlatforms) = postSolution
		{12F50613-3CD6-4CE9-9B9A-037A4B2A0F8B}.Debug|Win32.ActiveCfg = Debug|Win32
		{12F50613-3CD6-4CE9-9B9A-037A4B2A0F8B}.Debug|Win32.Build.0 = Debug|Win32
		{12F50613-3CD6-4CE9-9B9A-037A4B2A0F8B}.Release|Win32.ActiveCfg = Release|Win32
		{12F50613-3CD6-4CE9-9B9A-037A4B2A0F8B}.Release|Win32.Build.0 = Release|Win32
	EndGlobalSection
	GlobalSection(SolutionProperties) = preSolution
		HideSolutionNode = FALSE
	EndGlobalSection
EndGlobal
